PODS:
  - Heap (4.0.0)
  - Instabug (5.3.2)
  - Intercom (3.2.11)
  - lottie-ios (1.5.2)
  - lottie-react-native (1.2.0):
    - lottie-ios
    - React
  - React (0.47.1):
    - React/Core (= 0.47.1)
  - react-native-heap-analytics (2.4.0):
    - Heap (= 4.0.0)
  - react-native-instabug-sdk (4.3.0):
    - Instabug
  - react-native-intercom (7.0.0):
    - Intercom (> 3)
  - react-native-ux-cam (4.4.0):
    - UXCam (~> 2.5.8)
  - react-native-video (1.1.0):
    - React
  - React/BatchedBridge (0.47.1):
    - React/Core
    - React/cxxreact_legacy
  - React/Core (0.47.1):
    - Yoga (= 0.47.1.React)
  - React/cxxreact_legacy (0.47.1):
    - React/jschelpers_legacy
  - React/jschelpers_legacy (0.47.1)
  - UXCam (2.5.11)
  - Yoga (0.47.1.React)

DEPENDENCIES:
  - Instabug (= 5.3.2)
  - lottie-ios (from `../node_modules/lottie-ios`)
  - lottie-react-native (from `../node_modules/lottie-react-native`)
  - react-native-heap-analytics (from `../node_modules/react-native-heap-analytics`)
  - react-native-instabug-sdk (from `../node_modules/react-native-instabug-sdk`)
  - react-native-intercom (from `../node_modules/react-native-intercom`)
  - react-native-ux-cam (from `../node_modules/react-native-ux-cam`)
  - react-native-video (from `../node_modules/react-native-video`)
  - React/BatchedBridge (from `../node_modules/react-native`)
  - React/Core (from `../node_modules/react-native`)
  - Yoga (from `../node_modules/react-native/ReactCommon/yoga`)

EXTERNAL SOURCES:
  lottie-ios:
    :path: "../node_modules/lottie-ios"
  lottie-react-native:
    :path: "../node_modules/lottie-react-native"
  React:
    :path: "../node_modules/react-native"
  react-native-heap-analytics:
    :path: "../node_modules/react-native-heap-analytics"
  react-native-instabug-sdk:
    :path: "../node_modules/react-native-instabug-sdk"
  react-native-intercom:
    :path: "../node_modules/react-native-intercom"
  react-native-ux-cam:
    :path: "../node_modules/react-native-ux-cam"
  react-native-video:
    :path: "../node_modules/react-native-video"
  Yoga:
    :path: "../node_modules/react-native/ReactCommon/yoga"

SPEC CHECKSUMS:
  Heap: 9ef15407ea1893c3af40a13bb4f4a450ec8af142
  Instabug: 035bf24475ffac1bcb81f8c542774487bc72f528
  Intercom: 9d00ee218448d93abfce2eafe95c854d7c1f94a3
  lottie-ios: 255a0e95973a5c4424e809d7a5c19f7384c73e84
  lottie-react-native: ed02827c79d65cbc33a6bb03f222bef0770214b3
  React: f705239a901cb3f95445c34468e5b37b6f80a0d4
  react-native-heap-analytics: 414d8dc6532df0adedb2167fd1e161c24ba475a1
  react-native-instabug-sdk: ebb15fab71db387f5dc1b99ba83c96c08e36096f
  react-native-intercom: bb6bc4782b791b2a62ad33fda19a8b3394817ce4
  react-native-ux-cam: 41101ca6c749096742748e37d617c2dd3cbcad06
  react-native-video: 76a8ce72b4f93932eb9edb039b703d0ef71661f7
  UXCam: 24fc9a228f2c749a7d56a97db205394af92e6a6b
  Yoga: 13a12502dfabb4c75b914071dcb542af800deed4

PODFILE CHECKSUM: 07ddcd40fde4ebfe23b12b235a363fee249bd334

COCOAPODS: 1.2.1
